
Microsoft Visual Studio Solution File, Format Version 12.00
Project("{2150E333-8FDC-42A3-9474-1A3956D46DE8}") = "Services", "Services", "{AC53B87B-E538-4BFA-A78C-A24DC163550A}"
EndProject
Project("{2150E333-8FDC-42A3-9474-1A3956D46DE8}") = "Authorization", "Authorization", "{714FA356-50A0-405B-991B-4BE2E0F893EA}"
EndProject
Project("{FAE04EC0-301F-11D3-BF4B-00C04F79EFBC}") = "PsychologicalSupportPlatform.Authorization.API", "Services\Authorization\PsychologicalSupportPlatform.Authorization.API\PsychologicalSupportPlatform.Authorization.API.csproj", "{B3945619-7B52-4666-BF83-BCB38D96A9B5}"
EndProject
Project("{FAE04EC0-301F-11D3-BF4B-00C04F79EFBC}") = "PsychologicalSupportPlatform.Authorization.Application", "Services\Authorization\PsychologicalSupportPlatform.Authorization.Application\PsychologicalSupportPlatform.Authorization.Application.csproj", "{3FD8F31F-198A-4EA2-ACAC-969B522E6A0C}"
EndProject
Project("{FAE04EC0-301F-11D3-BF4B-00C04F79EFBC}") = "PsychologicalSupportPlatform.Authorization.Infrastructure", "Services\Authorization\PsychologicalSupportPlatform.Authorization.Infrastructure\PsychologicalSupportPlatform.Authorization.Infrastructure.csproj", "{762B2F37-79B2-4180-B60A-6311BCAA40E5}"
EndProject
Project("{FAE04EC0-301F-11D3-BF4B-00C04F79EFBC}") = "PsychologicalSupportPlatform.Authorization.Domain", "Services\Authorization\PsychologicalSupportPlatform.Authorization.Domain\PsychologicalSupportPlatform.Authorization.Domain.csproj", "{EF558ACA-7E38-48D2-9740-72DFC04245FF}"
EndProject
Project("{FAE04EC0-301F-11D3-BF4B-00C04F79EFBC}") = "PsychologicalSupportPlatform.Common", "Services\PsychologicalSupportPlatform.Common\PsychologicalSupportPlatform.Common.csproj", "{96206FBF-6C5B-45B0-976E-A8D881F5AA8D}"
EndProject
Project("{2150E333-8FDC-42A3-9474-1A3956D46DE8}") = "Meet", "Meet", "{7D49942F-FFE1-4CB3-9F33-B781385CADD2}"
EndProject
Project("{FAE04EC0-301F-11D3-BF4B-00C04F79EFBC}") = "PsychologicalSupportPlatform.Meet.Domain", "Services\Meet\PsychologicalSupportPlatform.Meet.Domain\PsychologicalSupportPlatform.Meet.Domain.csproj", "{3C52A3E6-4D81-47BE-BD43-AAC954E15182}"
EndProject
Project("{FAE04EC0-301F-11D3-BF4B-00C04F79EFBC}") = "PsychologicalSupportPlatform.Meet.Application", "Services\Meet\PsychologicalSupportPlatform.Meet.Application\PsychologicalSupportPlatform.Meet.Application.csproj", "{2AEF147D-87D4-48D8-99CA-F92AFE7CF950}"
EndProject
Project("{FAE04EC0-301F-11D3-BF4B-00C04F79EFBC}") = "PsychologicalSupportPlatform.Meet.Infrastructure", "Services\Meet\PsychologicalSupportPlatform.Meet.Infrastructure\PsychologicalSupportPlatform.Meet.Infrastructure.csproj", "{E805A86F-1035-4BEB-A5A0-F9DD97541E16}"
EndProject
Project("{FAE04EC0-301F-11D3-BF4B-00C04F79EFBC}") = "PsychologicalSupportPlatform.Meet.API", "Services\Meet\PsychologicalSupportPlatform.Meet.API\PsychologicalSupportPlatform.Meet.API.csproj", "{EC1CCA2B-355D-4552-A1F3-6E3D20E3DC7C}"
EndProject
Project("{2150E333-8FDC-42A3-9474-1A3956D46DE8}") = "Messaging", "Messaging", "{F17A38D7-D36B-4E52-9F97-4BB95DF1AE22}"
EndProject
Project("{FAE04EC0-301F-11D3-BF4B-00C04F79EFBC}") = "PsychologicalSupportPlatform.Messaging.Domain", "Services\Messaging\PsychologicalSupportPlatform.Messaging.Domain\PsychologicalSupportPlatform.Messaging.Domain.csproj", "{B1377729-7013-45C9-8C36-A639C1D739D0}"
EndProject
Project("{FAE04EC0-301F-11D3-BF4B-00C04F79EFBC}") = "PsychologicalSupportPlatform.Messaging.Application", "Services\Messaging\PsychologicalSupportPlatform.Messaging.Application\PsychologicalSupportPlatform.Messaging.Application.csproj", "{2A726BA4-E454-44C9-8231-77BDA7B12232}"
EndProject
Project("{FAE04EC0-301F-11D3-BF4B-00C04F79EFBC}") = "PsychologicalSupportPlatform.Messaging.Infrastructure", "Services\Messaging\PsychologicalSupportPlatform.Messaging.Infrastructure\PsychologicalSupportPlatform.Messaging.Infrastructure.csproj", "{668A97C9-00B0-474D-BF64-E3940E435B78}"
EndProject
Project("{FAE04EC0-301F-11D3-BF4B-00C04F79EFBC}") = "PsychologicalSupportPlatform.Messaging.API", "Services\Messaging\PsychologicalSupportPlatform.Messaging.API\PsychologicalSupportPlatform.Messaging.API.csproj", "{4F79F603-D430-4295-B131-83EAB1408DB7}"
EndProject
Project("{2150E333-8FDC-42A3-9474-1A3956D46DE8}") = "Report", "Report", "{4C4569FF-FA6A-4481-9A2F-53EFE2C6B979}"
EndProject
Project("{FAE04EC0-301F-11D3-BF4B-00C04F79EFBC}") = "PsychologicalSupportPlatform.Report.Domain", "Services\Report\PsychologicalSupportPlatform.Report.Domain\PsychologicalSupportPlatform.Report.Domain.csproj", "{70C1E12E-F407-4608-9ACD-89BEEEB72691}"
EndProject
Project("{FAE04EC0-301F-11D3-BF4B-00C04F79EFBC}") = "PsychologicalSupportPlatform.Report.Application", "Services\Report\PsychologicalSupportPlatform.Report.Application\PsychologicalSupportPlatform.Report.Application.csproj", "{C35850D7-2CC1-472F-8E2D-72356415D058}"
EndProject
Project("{FAE04EC0-301F-11D3-BF4B-00C04F79EFBC}") = "PsychologicalSupportPlatform.Report.Infrastructure", "Services\Report\PsychologicalSupportPlatform.Report.Infrastructure\PsychologicalSupportPlatform.Report.Infrastructure.csproj", "{217D8CDA-EF8A-4DDF-BCA9-868E4D35FBD0}"
EndProject
Project("{FAE04EC0-301F-11D3-BF4B-00C04F79EFBC}") = "PsychologicalSupportPlatform.Report.API", "Services\Report\PsychologicalSupportPlatform.Report.API\PsychologicalSupportPlatform.Report.API.csproj", "{64F7FA77-5ED3-432F-BE45-D162AFCA1181}"
EndProject
Global
	GlobalSection(SolutionConfigurationPlatforms) = preSolution
		Debug|Any CPU = Debug|Any CPU
		Release|Any CPU = Release|Any CPU
	EndGlobalSection
	GlobalSection(NestedProjects) = preSolution
		{714FA356-50A0-405B-991B-4BE2E0F893EA} = {AC53B87B-E538-4BFA-A78C-A24DC163550A}
		{B3945619-7B52-4666-BF83-BCB38D96A9B5} = {714FA356-50A0-405B-991B-4BE2E0F893EA}
		{3FD8F31F-198A-4EA2-ACAC-969B522E6A0C} = {714FA356-50A0-405B-991B-4BE2E0F893EA}
		{762B2F37-79B2-4180-B60A-6311BCAA40E5} = {714FA356-50A0-405B-991B-4BE2E0F893EA}
		{EF558ACA-7E38-48D2-9740-72DFC04245FF} = {714FA356-50A0-405B-991B-4BE2E0F893EA}
		{96206FBF-6C5B-45B0-976E-A8D881F5AA8D} = {AC53B87B-E538-4BFA-A78C-A24DC163550A}
		{7D49942F-FFE1-4CB3-9F33-B781385CADD2} = {AC53B87B-E538-4BFA-A78C-A24DC163550A}
		{3C52A3E6-4D81-47BE-BD43-AAC954E15182} = {7D49942F-FFE1-4CB3-9F33-B781385CADD2}
		{2AEF147D-87D4-48D8-99CA-F92AFE7CF950} = {7D49942F-FFE1-4CB3-9F33-B781385CADD2}
		{E805A86F-1035-4BEB-A5A0-F9DD97541E16} = {7D49942F-FFE1-4CB3-9F33-B781385CADD2}
		{EC1CCA2B-355D-4552-A1F3-6E3D20E3DC7C} = {7D49942F-FFE1-4CB3-9F33-B781385CADD2}
		{F17A38D7-D36B-4E52-9F97-4BB95DF1AE22} = {AC53B87B-E538-4BFA-A78C-A24DC163550A}
		{B1377729-7013-45C9-8C36-A639C1D739D0} = {F17A38D7-D36B-4E52-9F97-4BB95DF1AE22}
		{2A726BA4-E454-44C9-8231-77BDA7B12232} = {F17A38D7-D36B-4E52-9F97-4BB95DF1AE22}
		{668A97C9-00B0-474D-BF64-E3940E435B78} = {F17A38D7-D36B-4E52-9F97-4BB95DF1AE22}
		{4F79F603-D430-4295-B131-83EAB1408DB7} = {F17A38D7-D36B-4E52-9F97-4BB95DF1AE22}
		{4C4569FF-FA6A-4481-9A2F-53EFE2C6B979} = {AC53B87B-E538-4BFA-A78C-A24DC163550A}
		{70C1E12E-F407-4608-9ACD-89BEEEB72691} = {4C4569FF-FA6A-4481-9A2F-53EFE2C6B979}
		{C35850D7-2CC1-472F-8E2D-72356415D058} = {4C4569FF-FA6A-4481-9A2F-53EFE2C6B979}
		{217D8CDA-EF8A-4DDF-BCA9-868E4D35FBD0} = {4C4569FF-FA6A-4481-9A2F-53EFE2C6B979}
		{64F7FA77-5ED3-432F-BE45-D162AFCA1181} = {4C4569FF-FA6A-4481-9A2F-53EFE2C6B979}
	EndGlobalSection
	GlobalSection(ProjectConfigurationPlatforms) = postSolution
		{B3945619-7B52-4666-BF83-BCB38D96A9B5}.Debug|Any CPU.ActiveCfg = Debug|Any CPU
		{B3945619-7B52-4666-BF83-BCB38D96A9B5}.Debug|Any CPU.Build.0 = Debug|Any CPU
		{B3945619-7B52-4666-BF83-BCB38D96A9B5}.Release|Any CPU.ActiveCfg = Release|Any CPU
		{B3945619-7B52-4666-BF83-BCB38D96A9B5}.Release|Any CPU.Build.0 = Release|Any CPU
		{3FD8F31F-198A-4EA2-ACAC-969B522E6A0C}.Debug|Any CPU.ActiveCfg = Debug|Any CPU
		{3FD8F31F-198A-4EA2-ACAC-969B522E6A0C}.Debug|Any CPU.Build.0 = Debug|Any CPU
		{3FD8F31F-198A-4EA2-ACAC-969B522E6A0C}.Release|Any CPU.ActiveCfg = Release|Any CPU
		{3FD8F31F-198A-4EA2-ACAC-969B522E6A0C}.Release|Any CPU.Build.0 = Release|Any CPU
		{762B2F37-79B2-4180-B60A-6311BCAA40E5}.Debug|Any CPU.ActiveCfg = Debug|Any CPU
		{762B2F37-79B2-4180-B60A-6311BCAA40E5}.Debug|Any CPU.Build.0 = Debug|Any CPU
		{762B2F37-79B2-4180-B60A-6311BCAA40E5}.Release|Any CPU.ActiveCfg = Release|Any CPU
		{762B2F37-79B2-4180-B60A-6311BCAA40E5}.Release|Any CPU.Build.0 = Release|Any CPU
		{EF558ACA-7E38-48D2-9740-72DFC04245FF}.Debug|Any CPU.ActiveCfg = Debug|Any CPU
		{EF558ACA-7E38-48D2-9740-72DFC04245FF}.Debug|Any CPU.Build.0 = Debug|Any CPU
		{EF558ACA-7E38-48D2-9740-72DFC04245FF}.Release|Any CPU.ActiveCfg = Release|Any CPU
		{EF558ACA-7E38-48D2-9740-72DFC04245FF}.Release|Any CPU.Build.0 = Release|Any CPU
		{96206FBF-6C5B-45B0-976E-A8D881F5AA8D}.Debug|Any CPU.ActiveCfg = Debug|Any CPU
		{96206FBF-6C5B-45B0-976E-A8D881F5AA8D}.Debug|Any CPU.Build.0 = Debug|Any CPU
		{96206FBF-6C5B-45B0-976E-A8D881F5AA8D}.Release|Any CPU.ActiveCfg = Release|Any CPU
		{96206FBF-6C5B-45B0-976E-A8D881F5AA8D}.Release|Any CPU.Build.0 = Release|Any CPU
		{3C52A3E6-4D81-47BE-BD43-AAC954E15182}.Debug|Any CPU.ActiveCfg = Debug|Any CPU
		{3C52A3E6-4D81-47BE-BD43-AAC954E15182}.Debug|Any CPU.Build.0 = Debug|Any CPU
		{3C52A3E6-4D81-47BE-BD43-AAC954E15182}.Release|Any CPU.ActiveCfg = Release|Any CPU
		{3C52A3E6-4D81-47BE-BD43-AAC954E15182}.Release|Any CPU.Build.0 = Release|Any CPU
		{2AEF147D-87D4-48D8-99CA-F92AFE7CF950}.Debug|Any CPU.ActiveCfg = Debug|Any CPU
		{2AEF147D-87D4-48D8-99CA-F92AFE7CF950}.Debug|Any CPU.Build.0 = Debug|Any CPU
		{2AEF147D-87D4-48D8-99CA-F92AFE7CF950}.Release|Any CPU.ActiveCfg = Release|Any CPU
		{2AEF147D-87D4-48D8-99CA-F92AFE7CF950}.Release|Any CPU.Build.0 = Release|Any CPU
		{E805A86F-1035-4BEB-A5A0-F9DD97541E16}.Debug|Any CPU.ActiveCfg = Debug|Any CPU
		{E805A86F-1035-4BEB-A5A0-F9DD97541E16}.Debug|Any CPU.Build.0 = Debug|Any CPU
		{E805A86F-1035-4BEB-A5A0-F9DD97541E16}.Release|Any CPU.ActiveCfg = Release|Any CPU
		{E805A86F-1035-4BEB-A5A0-F9DD97541E16}.Release|Any CPU.Build.0 = Release|Any CPU
		{EC1CCA2B-355D-4552-A1F3-6E3D20E3DC7C}.Debug|Any CPU.ActiveCfg = Debug|Any CPU
		{EC1CCA2B-355D-4552-A1F3-6E3D20E3DC7C}.Debug|Any CPU.Build.0 = Debug|Any CPU
		{EC1CCA2B-355D-4552-A1F3-6E3D20E3DC7C}.Release|Any CPU.ActiveCfg = Release|Any CPU
		{EC1CCA2B-355D-4552-A1F3-6E3D20E3DC7C}.Release|Any CPU.Build.0 = Release|Any CPU
		{B1377729-7013-45C9-8C36-A639C1D739D0}.Debug|Any CPU.ActiveCfg = Debug|Any CPU
		{B1377729-7013-45C9-8C36-A639C1D739D0}.Debug|Any CPU.Build.0 = Debug|Any CPU
		{B1377729-7013-45C9-8C36-A639C1D739D0}.Release|Any CPU.ActiveCfg = Release|Any CPU
		{B1377729-7013-45C9-8C36-A639C1D739D0}.Release|Any CPU.Build.0 = Release|Any CPU
		{2A726BA4-E454-44C9-8231-77BDA7B12232}.Debug|Any CPU.ActiveCfg = Debug|Any CPU
		{2A726BA4-E454-44C9-8231-77BDA7B12232}.Debug|Any CPU.Build.0 = Debug|Any CPU
		{2A726BA4-E454-44C9-8231-77BDA7B12232}.Release|Any CPU.ActiveCfg = Release|Any CPU
		{2A726BA4-E454-44C9-8231-77BDA7B12232}.Release|Any CPU.Build.0 = Release|Any CPU
		{668A97C9-00B0-474D-BF64-E3940E435B78}.Debug|Any CPU.ActiveCfg = Debug|Any CPU
		{668A97C9-00B0-474D-BF64-E3940E435B78}.Debug|Any CPU.Build.0 = Debug|Any CPU
		{668A97C9-00B0-474D-BF64-E3940E435B78}.Release|Any CPU.ActiveCfg = Release|Any CPU
		{668A97C9-00B0-474D-BF64-E3940E435B78}.Release|Any CPU.Build.0 = Release|Any CPU
		{4F79F603-D430-4295-B131-83EAB1408DB7}.Debug|Any CPU.ActiveCfg = Debug|Any CPU
		{4F79F603-D430-4295-B131-83EAB1408DB7}.Debug|Any CPU.Build.0 = Debug|Any CPU
		{4F79F603-D430-4295-B131-83EAB1408DB7}.Release|Any CPU.ActiveCfg = Release|Any CPU
		{4F79F603-D430-4295-B131-83EAB1408DB7}.Release|Any CPU.Build.0 = Release|Any CPU
		{70C1E12E-F407-4608-9ACD-89BEEEB72691}.Debug|Any CPU.ActiveCfg = Debug|Any CPU
		{70C1E12E-F407-4608-9ACD-89BEEEB72691}.Debug|Any CPU.Build.0 = Debug|Any CPU
		{70C1E12E-F407-4608-9ACD-89BEEEB72691}.Release|Any CPU.ActiveCfg = Release|Any CPU
		{70C1E12E-F407-4608-9ACD-89BEEEB72691}.Release|Any CPU.Build.0 = Release|Any CPU
		{C35850D7-2CC1-472F-8E2D-72356415D058}.Debug|Any CPU.ActiveCfg = Debug|Any CPU
		{C35850D7-2CC1-472F-8E2D-72356415D058}.Debug|Any CPU.Build.0 = Debug|Any CPU
		{C35850D7-2CC1-472F-8E2D-72356415D058}.Release|Any CPU.ActiveCfg = Release|Any CPU
		{C35850D7-2CC1-472F-8E2D-72356415D058}.Release|Any CPU.Build.0 = Release|Any CPU
		{217D8CDA-EF8A-4DDF-BCA9-868E4D35FBD0}.Debug|Any CPU.ActiveCfg = Debug|Any CPU
		{217D8CDA-EF8A-4DDF-BCA9-868E4D35FBD0}.Debug|Any CPU.Build.0 = Debug|Any CPU
		{217D8CDA-EF8A-4DDF-BCA9-868E4D35FBD0}.Release|Any CPU.ActiveCfg = Release|Any CPU
		{217D8CDA-EF8A-4DDF-BCA9-868E4D35FBD0}.Release|Any CPU.Build.0 = Release|Any CPU
		{64F7FA77-5ED3-432F-BE45-D162AFCA1181}.Debug|Any CPU.ActiveCfg = Debug|Any CPU
		{64F7FA77-5ED3-432F-BE45-D162AFCA1181}.Debug|Any CPU.Build.0 = Debug|Any CPU
		{64F7FA77-5ED3-432F-BE45-D162AFCA1181}.Release|Any CPU.ActiveCfg = Release|Any CPU
		{64F7FA77-5ED3-432F-BE45-D162AFCA1181}.Release|Any CPU.Build.0 = Release|Any CPU
	EndGlobalSection
EndGlobal
